
Microsoft Visual Studio Solution File, Format Version 12.00
# Visual Studio Version 16
VisualStudioVersion = 16.0.28917.181
MinimumVisualStudioVersion = 10.0.40219.1
Project("{9A19103F-16F7-4668-BE54-9A1E7A4F7556}") = "Launcher", "Launcher\Launcher.csproj", "{5D792086-5446-4933-903E-E8EC1B079979}"
EndProject
Project("{9A19103F-16F7-4668-BE54-9A1E7A4F7556}") = "Core", "Core\Core.csproj", "{82D017EC-C037-4D01-A9EF-CB00FB34DEB9}"
EndProject
Project("{9A19103F-16F7-4668-BE54-9A1E7A4F7556}") = "SpicyTemple.Tests", "SpicyTemple.Tests\SpicyTemple.Tests.csproj", "{AEA90D50-48B5-4B41-82D5-06F5B374E8A3}"
EndProject
Project("{9A19103F-16F7-4668-BE54-9A1E7A4F7556}") = "CodeAnalysisApp1", "CodeAnalysisApp1\CodeAnalysisApp1.csproj", "{C12A584E-BA07-44F2-BB43-9808A6C224AF}"
EndProject
Global
	GlobalSection(SolutionConfigurationPlatforms) = preSolution
		Debug|Any CPU = Debug|Any CPU
		Release|Any CPU = Release|Any CPU
	EndGlobalSection
	GlobalSection(ProjectConfigurationPlatforms) = postSolution
		{5D792086-5446-4933-903E-E8EC1B079979}.Debug|Any CPU.ActiveCfg = Debug|Any CPU
		{5D792086-5446-4933-903E-E8EC1B079979}.Debug|Any CPU.Build.0 = Debug|Any CPU
		{5D792086-5446-4933-903E-E8EC1B079979}.Release|Any CPU.ActiveCfg = Release|Any CPU
		{5D792086-5446-4933-903E-E8EC1B079979}.Release|Any CPU.Build.0 = Release|Any CPU
		{82D017EC-C037-4D01-A9EF-CB00FB34DEB9}.Debug|Any CPU.ActiveCfg = Debug|Any CPU
		{82D017EC-C037-4D01-A9EF-CB00FB34DEB9}.Debug|Any CPU.Build.0 = Debug|Any CPU
		{82D017EC-C037-4D01-A9EF-CB00FB34DEB9}.Release|Any CPU.ActiveCfg = Release|Any CPU
		{82D017EC-C037-4D01-A9EF-CB00FB34DEB9}.Release|Any CPU.Build.0 = Release|Any CPU
		{AEA90D50-48B5-4B41-82D5-06F5B374E8A3}.Debug|Any CPU.ActiveCfg = Debug|Any CPU
		{AEA90D50-48B5-4B41-82D5-06F5B374E8A3}.Debug|Any CPU.Build.0 = Debug|Any CPU
		{AEA90D50-48B5-4B41-82D5-06F5B374E8A3}.Release|Any CPU.ActiveCfg = Release|Any CPU
		{AEA90D50-48B5-4B41-82D5-06F5B374E8A3}.Release|Any CPU.Build.0 = Release|Any CPU
		{C12A584E-BA07-44F2-BB43-9808A6C224AF}.Debug|Any CPU.ActiveCfg = Debug|Any CPU
		{C12A584E-BA07-44F2-BB43-9808A6C224AF}.Debug|Any CPU.Build.0 = Debug|Any CPU
		{C12A584E-BA07-44F2-BB43-9808A6C224AF}.Release|Any CPU.ActiveCfg = Release|Any CPU
		{C12A584E-BA07-44F2-BB43-9808A6C224AF}.Release|Any CPU.Build.0 = Release|Any CPU
	EndGlobalSection
	GlobalSection(SolutionProperties) = preSolution
		HideSolutionNode = FALSE
	EndGlobalSection
	GlobalSection(ExtensibilityGlobals) = postSolution
		SolutionGuid = {67094FBD-CDD7-461B-8752-3066DCB9142F}
	EndGlobalSection
EndGlobal
